// !$*UTF8*$!
{
	archiveVersion = 1;
	classes = {
	};
	objectVersion = 55;
	objects = {

/* Begin PBXBuildFile section */
		E52BB97729EEE6780088E639 /* AppDelegate.swift in Sources */ = {isa = PBXBuildFile; fileRef = E52BB97629EEE6780088E639 /* AppDelegate.swift */; };
		E52BB97929EEE6780088E639 /* SceneDelegate.swift in Sources */ = {isa = PBXBuildFile; fileRef = E52BB97829EEE6780088E639 /* SceneDelegate.swift */; };
		E52BB98029EEE67A0088E639 /* Assets.xcassets in Resources */ = {isa = PBXBuildFile; fileRef = E52BB97F29EEE67A0088E639 /* Assets.xcassets */; };
		E52BB98329EEE67A0088E639 /* LaunchScreen.storyboard in Resources */ = {isa = PBXBuildFile; fileRef = E52BB98129EEE67A0088E639 /* LaunchScreen.storyboard */; };
		E52BB99129EEF7450088E639 /* NetworkManager.swift in Sources */ = {isa = PBXBuildFile; fileRef = E52BB99029EEF7450088E639 /* NetworkManager.swift */; };
		E52BB99529EEF77D0088E639 /* Alamofire in Frameworks */ = {isa = PBXBuildFile; productRef = E52BB99429EEF77D0088E639 /* Alamofire */; };
		E5553C8529EF8C620080551B /* ContactCollectionViewCell.swift in Sources */ = {isa = PBXBuildFile; fileRef = E5553C8329EF8C620080551B /* ContactCollectionViewCell.swift */; };
		E5553C8629EF8C620080551B /* ContactCollectionViewCell.xib in Resources */ = {isa = PBXBuildFile; fileRef = E5553C8429EF8C620080551B /* ContactCollectionViewCell.xib */; };
		E5553C8929EF8DDA0080551B /* ContactListViewController.swift in Sources */ = {isa = PBXBuildFile; fileRef = E5553C8729EF8DDA0080551B /* ContactListViewController.swift */; };
		E5553C8A29EF8DDA0080551B /* ContactListViewController.xib in Resources */ = {isa = PBXBuildFile; fileRef = E5553C8829EF8DDA0080551B /* ContactListViewController.xib */; };
		E5553C8C29EF8DE60080551B /* ContactListInteractor.swift in Sources */ = {isa = PBXBuildFile; fileRef = E5553C8B29EF8DE60080551B /* ContactListInteractor.swift */; };
		E5553C8E29EF8EF60080551B /* contactList.json in Resources */ = {isa = PBXBuildFile; fileRef = E5553C8D29EF8EF60080551B /* contactList.json */; };
		E5553C9029EF8F5C0080551B /* ContactModel.swift in Sources */ = {isa = PBXBuildFile; fileRef = E5553C8F29EF8F5C0080551B /* ContactModel.swift */; };
		E5553C9229EF92130080551B /* ContactListPresenter.swift in Sources */ = {isa = PBXBuildFile; fileRef = E5553C9129EF92130080551B /* ContactListPresenter.swift */; };
		E5553C9429EF96440080551B /* ContactListFactory.swift in Sources */ = {isa = PBXBuildFile; fileRef = E5553C9329EF96440080551B /* ContactListFactory.swift */; };
		E5553C9829EF9CB80080551B /* ContactDetailViewController.swift in Sources */ = {isa = PBXBuildFile; fileRef = E5553C9629EF9CB80080551B /* ContactDetailViewController.swift */; };
		E5553C9929EF9CB80080551B /* ContactDetailViewController.xib in Resources */ = {isa = PBXBuildFile; fileRef = E5553C9729EF9CB80080551B /* ContactDetailViewController.xib */; };
		E5553C9D29EF9E230080551B /* DetailTableViewCell.swift in Sources */ = {isa = PBXBuildFile; fileRef = E5553C9B29EF9E230080551B /* DetailTableViewCell.swift */; };
		E5553C9E29EF9E230080551B /* DetailTableViewCell.xib in Resources */ = {isa = PBXBuildFile; fileRef = E5553C9C29EF9E230080551B /* DetailTableViewCell.xib */; };
		E5553CA129EFA3160080551B /* ContactDetailInteractor.swift in Sources */ = {isa = PBXBuildFile; fileRef = E5553CA029EFA3160080551B /* ContactDetailInteractor.swift */; };
		E5553CA329EFA38C0080551B /* ContactDetailPresenter.swift in Sources */ = {isa = PBXBuildFile; fileRef = E5553CA229EFA38C0080551B /* ContactDetailPresenter.swift */; };
		E5553CA629EFA82C0080551B /* ContactDetailViewDataModel.swift in Sources */ = {isa = PBXBuildFile; fileRef = E5553CA529EFA82C0080551B /* ContactDetailViewDataModel.swift */; };
/* End PBXBuildFile section */

/* Begin PBXFileReference section */
		E52BB97329EEE6780088E639 /* Trinity App.app */ = {isa = PBXFileReference; explicitFileType = wrapper.application; includeInIndex = 0; path = "Trinity App.app"; sourceTree = BUILT_PRODUCTS_DIR; };
		E52BB97629EEE6780088E639 /* AppDelegate.swift */ = {isa = PBXFileReference; lastKnownFileType = sourcecode.swift; path = AppDelegate.swift; sourceTree = "<group>"; };
		E52BB97829EEE6780088E639 /* SceneDelegate.swift */ = {isa = PBXFileReference; lastKnownFileType = sourcecode.swift; path = SceneDelegate.swift; sourceTree = "<group>"; };
		E52BB97F29EEE67A0088E639 /* Assets.xcassets */ = {isa = PBXFileReference; lastKnownFileType = folder.assetcatalog; path = Assets.xcassets; sourceTree = "<group>"; };
		E52BB98229EEE67A0088E639 /* Base */ = {isa = PBXFileReference; lastKnownFileType = file.storyboard; name = Base; path = Base.lproj/LaunchScreen.storyboard; sourceTree = "<group>"; };
		E52BB98429EEE67A0088E639 /* Info.plist */ = {isa = PBXFileReference; lastKnownFileType = text.plist.xml; path = Info.plist; sourceTree = "<group>"; };
		E52BB99029EEF7450088E639 /* NetworkManager.swift */ = {isa = PBXFileReference; lastKnownFileType = sourcecode.swift; path = NetworkManager.swift; sourceTree = "<group>"; };
		E5553C8329EF8C620080551B /* ContactCollectionViewCell.swift */ = {isa = PBXFileReference; lastKnownFileType = sourcecode.swift; path = ContactCollectionViewCell.swift; sourceTree = "<group>"; };
		E5553C8429EF8C620080551B /* ContactCollectionViewCell.xib */ = {isa = PBXFileReference; lastKnownFileType = file.xib; path = ContactCollectionViewCell.xib; sourceTree = "<group>"; };
		E5553C8729EF8DDA0080551B /* ContactListViewController.swift */ = {isa = PBXFileReference; lastKnownFileType = sourcecode.swift; path = ContactListViewController.swift; sourceTree = "<group>"; };
		E5553C8829EF8DDA0080551B /* ContactListViewController.xib */ = {isa = PBXFileReference; lastKnownFileType = file.xib; path = ContactListViewController.xib; sourceTree = "<group>"; };
		E5553C8B29EF8DE60080551B /* ContactListInteractor.swift */ = {isa = PBXFileReference; lastKnownFileType = sourcecode.swift; path = ContactListInteractor.swift; sourceTree = "<group>"; };
		E5553C8D29EF8EF60080551B /* contactList.json */ = {isa = PBXFileReference; lastKnownFileType = text.json; path = contactList.json; sourceTree = "<group>"; };
		E5553C8F29EF8F5C0080551B /* ContactModel.swift */ = {isa = PBXFileReference; lastKnownFileType = sourcecode.swift; path = ContactModel.swift; sourceTree = "<group>"; };
		E5553C9129EF92130080551B /* ContactListPresenter.swift */ = {isa = PBXFileReference; lastKnownFileType = sourcecode.swift; path = ContactListPresenter.swift; sourceTree = "<group>"; };
		E5553C9329EF96440080551B /* ContactListFactory.swift */ = {isa = PBXFileReference; lastKnownFileType = sourcecode.swift; path = ContactListFactory.swift; sourceTree = "<group>"; };
		E5553C9629EF9CB80080551B /* ContactDetailViewController.swift */ = {isa = PBXFileReference; lastKnownFileType = sourcecode.swift; path = ContactDetailViewController.swift; sourceTree = "<group>"; };
		E5553C9729EF9CB80080551B /* ContactDetailViewController.xib */ = {isa = PBXFileReference; lastKnownFileType = file.xib; path = ContactDetailViewController.xib; sourceTree = "<group>"; };
		E5553C9B29EF9E230080551B /* DetailTableViewCell.swift */ = {isa = PBXFileReference; lastKnownFileType = sourcecode.swift; path = DetailTableViewCell.swift; sourceTree = "<group>"; };
		E5553C9C29EF9E230080551B /* DetailTableViewCell.xib */ = {isa = PBXFileReference; lastKnownFileType = file.xib; path = DetailTableViewCell.xib; sourceTree = "<group>"; };
		E5553CA029EFA3160080551B /* ContactDetailInteractor.swift */ = {isa = PBXFileReference; lastKnownFileType = sourcecode.swift; path = ContactDetailInteractor.swift; sourceTree = "<group>"; };
		E5553CA229EFA38C0080551B /* ContactDetailPresenter.swift */ = {isa = PBXFileReference; lastKnownFileType = sourcecode.swift; path = ContactDetailPresenter.swift; sourceTree = "<group>"; };
		E5553CA529EFA82C0080551B /* ContactDetailViewDataModel.swift */ = {isa = PBXFileReference; lastKnownFileType = sourcecode.swift; path = ContactDetailViewDataModel.swift; sourceTree = "<group>"; };
/* End PBXFileReference section */

/* Begin PBXFrameworksBuildPhase section */
		E52BB97029EEE6780088E639 /* Frameworks */ = {
			isa = PBXFrameworksBuildPhase;
			buildActionMask = 2147483647;
			files = (
				E52BB99529EEF77D0088E639 /* Alamofire in Frameworks */,
			);
			runOnlyForDeploymentPostprocessing = 0;
		};
/* End PBXFrameworksBuildPhase section */

/* Begin PBXGroup section */
		E52BB96A29EEE6780088E639 = {
			isa = PBXGroup;
			children = (
				E52BB97529EEE6780088E639 /* Trinity App */,
				E52BB97429EEE6780088E639 /* Products */,
			);
			sourceTree = "<group>";
		};
		E52BB97429EEE6780088E639 /* Products */ = {
			isa = PBXGroup;
			children = (
				E52BB97329EEE6780088E639 /* Trinity App.app */,
			);
			name = Products;
			sourceTree = "<group>";
		};
		E52BB97529EEE6780088E639 /* Trinity App */ = {
			isa = PBXGroup;
			children = (
				E52BB98C29EEF7090088E639 /* Base */,
				E52BB98E29EEF72E0088E639 /* Common */,
				E52BB98D29EEF7200088E639 /* Modules */,
			);
			path = "Trinity App";
			sourceTree = "<group>";
		};
		E52BB98C29EEF7090088E639 /* Base */ = {
			isa = PBXGroup;
			children = (
				E52BB97629EEE6780088E639 /* AppDelegate.swift */,
				E52BB97829EEE6780088E639 /* SceneDelegate.swift */,
				E52BB98429EEE67A0088E639 /* Info.plist */,
			);
			path = Base;
			sourceTree = "<group>";
		};
		E52BB98D29EEF7200088E639 /* Modules */ = {
			isa = PBXGroup;
			children = (
				E5553C9F29EFA17D0080551B /* Contacts */,
			);
			path = Modules;
			sourceTree = "<group>";
		};
		E52BB98E29EEF72E0088E639 /* Common */ = {
			isa = PBXGroup;
			children = (
				E52BB97F29EEE67A0088E639 /* Assets.xcassets */,
				E52BB98129EEE67A0088E639 /* LaunchScreen.storyboard */,
				E52BB98F29EEF7360088E639 /* Utils */,
			);
			path = Common;
			sourceTree = "<group>";
		};
		E52BB98F29EEF7360088E639 /* Utils */ = {
			isa = PBXGroup;
			children = (
				E52BB99629EEF7860088E639 /* Extension */,
				E52BB99229EEF7490088E639 /* NetworkManager */,
			);
			path = Utils;
			sourceTree = "<group>";
		};
		E52BB99229EEF7490088E639 /* NetworkManager */ = {
			isa = PBXGroup;
			children = (
				E52BB99029EEF7450088E639 /* NetworkManager.swift */,
			);
			path = NetworkManager;
			sourceTree = "<group>";
		};
		E52BB99629EEF7860088E639 /* Extension */ = {
			isa = PBXGroup;
			children = (
			);
			path = Extension;
			sourceTree = "<group>";
		};
		E5553C8129EF8BDB0080551B /* ContactList */ = {
			isa = PBXGroup;
			children = (
				E5553C8229EF8C480080551B /* Cell */,
				E5553C8729EF8DDA0080551B /* ContactListViewController.swift */,
				E5553C8829EF8DDA0080551B /* ContactListViewController.xib */,
				E5553C8B29EF8DE60080551B /* ContactListInteractor.swift */,
				E5553C8F29EF8F5C0080551B /* ContactModel.swift */,
				E5553C9129EF92130080551B /* ContactListPresenter.swift */,
			);
			path = ContactList;
			sourceTree = "<group>";
		};
		E5553C8229EF8C480080551B /* Cell */ = {
			isa = PBXGroup;
			children = (
				E5553C8329EF8C620080551B /* ContactCollectionViewCell.swift */,
				E5553C8429EF8C620080551B /* ContactCollectionViewCell.xib */,
			);
			path = Cell;
			sourceTree = "<group>";
		};
		E5553C9529EF9C910080551B /* ContactDetail */ = {
			isa = PBXGroup;
			children = (
				E5553C9A29EF9E090080551B /* Cell */,
				E5553C9629EF9CB80080551B /* ContactDetailViewController.swift */,
				E5553C9729EF9CB80080551B /* ContactDetailViewController.xib */,
				E5553CA029EFA3160080551B /* ContactDetailInteractor.swift */,
				E5553CA229EFA38C0080551B /* ContactDetailPresenter.swift */,
				E5553CA529EFA82C0080551B /* ContactDetailViewDataModel.swift */,
			);
			path = ContactDetail;
			sourceTree = "<group>";
		};
		E5553C9A29EF9E090080551B /* Cell */ = {
			isa = PBXGroup;
			children = (
				E5553C9B29EF9E230080551B /* DetailTableViewCell.swift */,
				E5553C9C29EF9E230080551B /* DetailTableViewCell.xib */,
			);
			path = Cell;
			sourceTree = "<group>";
		};
		E5553C9F29EFA17D0080551B /* Contacts */ = {
			isa = PBXGroup;
			children = (
				E5553CA429EFA7AC0080551B /* mock */,
				E5553C9329EF96440080551B /* ContactListFactory.swift */,
				E5553C9529EF9C910080551B /* ContactDetail */,
				E5553C8129EF8BDB0080551B /* ContactList */,
			);
			path = Contacts;
			sourceTree = "<group>";
		};
		E5553CA429EFA7AC0080551B /* mock */ = {
			isa = PBXGroup;
			children = (
				E5553C8D29EF8EF60080551B /* contactList.json */,
			);
			path = mock;
			sourceTree = "<group>";
		};
/* End PBXGroup section */

/* Begin PBXNativeTarget section */
		E52BB97229EEE6780088E639 /* Trinity App */ = {
			isa = PBXNativeTarget;
			buildConfigurationList = E52BB98729EEE67A0088E639 /* Build configuration list for PBXNativeTarget "Trinity App" */;
			buildPhases = (
				E52BB96F29EEE6780088E639 /* Sources */,
				E52BB97029EEE6780088E639 /* Frameworks */,
				E52BB97129EEE6780088E639 /* Resources */,
			);
			buildRules = (
			);
			dependencies = (
			);
			name = "Trinity App";
			packageProductDependencies = (
				E52BB99429EEF77D0088E639 /* Alamofire */,
			);
			productName = "Trinity App";
			productReference = E52BB97329EEE6780088E639 /* Trinity App.app */;
			productType = "com.apple.product-type.application";
		};
/* End PBXNativeTarget section */

/* Begin PBXProject section */
		E52BB96B29EEE6780088E639 /* Project object */ = {
			isa = PBXProject;
			attributes = {
				BuildIndependentTargetsInParallel = 1;
				LastSwiftUpdateCheck = 1340;
				LastUpgradeCheck = 1340;
				TargetAttributes = {
					E52BB97229EEE6780088E639 = {
						CreatedOnToolsVersion = 13.4.1;
					};
				};
			};
			buildConfigurationList = E52BB96E29EEE6780088E639 /* Build configuration list for PBXProject "Trinity App" */;
			compatibilityVersion = "Xcode 13.0";
			developmentRegion = en;
			hasScannedForEncodings = 0;
			knownRegions = (
				en,
				Base,
			);
			mainGroup = E52BB96A29EEE6780088E639;
			packageReferences = (
				E52BB99329EEF77D0088E639 /* XCRemoteSwiftPackageReference "Alamofire" */,
			);
			productRefGroup = E52BB97429EEE6780088E639 /* Products */;
			projectDirPath = "";
			projectRoot = "";
			targets = (
				E52BB97229EEE6780088E639 /* Trinity App */,
			);
		};
/* End PBXProject section */

/* Begin PBXResourcesBuildPhase section */
		E52BB97129EEE6780088E639 /* Resources */ = {
			isa = PBXResourcesBuildPhase;
			buildActionMask = 2147483647;
			files = (
				E5553C8E29EF8EF60080551B /* contactList.json in Resources */,
				E5553C9929EF9CB80080551B /* ContactDetailViewController.xib in Resources */,
				E52BB98329EEE67A0088E639 /* LaunchScreen.storyboard in Resources */,
				E5553C8A29EF8DDA0080551B /* ContactListViewController.xib in Resources */,
				E5553C8629EF8C620080551B /* ContactCollectionViewCell.xib in Resources */,
				E5553C9E29EF9E230080551B /* DetailTableViewCell.xib in Resources */,
				E52BB98029EEE67A0088E639 /* Assets.xcassets in Resources */,
			);
			runOnlyForDeploymentPostprocessing = 0;
		};
/* End PBXResourcesBuildPhase section */

/* Begin PBXSourcesBuildPhase section */
		E52BB96F29EEE6780088E639 /* Sources */ = {
			isa = PBXSourcesBuildPhase;
			buildActionMask = 2147483647;
			files = (
				E5553CA329EFA38C0080551B /* ContactDetailPresenter.swift in Sources */,
				E52BB99129EEF7450088E639 /* NetworkManager.swift in Sources */,
				E5553CA629EFA82C0080551B /* ContactDetailViewDataModel.swift in Sources */,
				E5553C9429EF96440080551B /* ContactListFactory.swift in Sources */,
				E5553C9D29EF9E230080551B /* DetailTableViewCell.swift in Sources */,
				E5553C8C29EF8DE60080551B /* ContactListInteractor.swift in Sources */,
				E5553C8929EF8DDA0080551B /* ContactListViewController.swift in Sources */,
				E5553C9229EF92130080551B /* ContactListPresenter.swift in Sources */,
				E5553CA129EFA3160080551B /* ContactDetailInteractor.swift in Sources */,
				E5553C8529EF8C620080551B /* ContactCollectionViewCell.swift in Sources */,
				E5553C9829EF9CB80080551B /* ContactDetailViewController.swift in Sources */,
				E52BB97729EEE6780088E639 /* AppDelegate.swift in Sources */,
				E52BB97929EEE6780088E639 /* SceneDelegate.swift in Sources */,
				E5553C9029EF8F5C0080551B /* ContactModel.swift in Sources */,
			);
			runOnlyForDeploymentPostprocessing = 0;
		};
/* End PBXSourcesBuildPhase section */

/* Begin PBXVariantGroup section */
		E52BB98129EEE67A0088E639 /* LaunchScreen.storyboard */ = {
			isa = PBXVariantGroup;
			children = (
				E52BB98229EEE67A0088E639 /* Base */,
			);
			name = LaunchScreen.storyboard;
			sourceTree = "<group>";
		};
/* End PBXVariantGroup section */

/* Begin XCBuildConfiguration section */
		E52BB98529EEE67A0088E639 /* Debug */ = {
			isa = XCBuildConfiguration;
			buildSettings = {
				ALWAYS_SEARCH_USER_PATHS = NO;
				CLANG_ANALYZER_NONNULL = YES;
				CLANG_ANALYZER_NUMBER_OBJECT_CONVERSION = YES_AGGRESSIVE;
				CLANG_CXX_LANGUAGE_STANDARD = "gnu++17";
				CLANG_ENABLE_MODULES = YES;
				CLANG_ENABLE_OBJC_ARC = YES;
				CLANG_ENABLE_OBJC_WEAK = YES;
				CLANG_WARN_BLOCK_CAPTURE_AUTORELEASING = YES;
				CLANG_WARN_BOOL_CONVERSION = YES;
				CLANG_WARN_COMMA = YES;
				CLANG_WARN_CONSTANT_CONVERSION = YES;
				CLANG_WARN_DEPRECATED_OBJC_IMPLEMENTATIONS = YES;
				CLANG_WARN_DIRECT_OBJC_ISA_USAGE = YES_ERROR;
				CLANG_WARN_DOCUMENTATION_COMMENTS = YES;
				CLANG_WARN_EMPTY_BODY = YES;
				CLANG_WARN_ENUM_CONVERSION = YES;
				CLANG_WARN_INFINITE_RECURSION = YES;
				CLANG_WARN_INT_CONVERSION = YES;
				CLANG_WARN_NON_LITERAL_NULL_CONVERSION = YES;
				CLANG_WARN_OBJC_IMPLICIT_RETAIN_SELF = YES;
				CLANG_WARN_OBJC_LITERAL_CONVERSION = YES;
				CLANG_WARN_OBJC_ROOT_CLASS = YES_ERROR;
				CLANG_WARN_QUOTED_INCLUDE_IN_FRAMEWORK_HEADER = YES;
				CLANG_WARN_RANGE_LOOP_ANALYSIS = YES;
				CLANG_WARN_STRICT_PROTOTYPES = YES;
				CLANG_WARN_SUSPICIOUS_MOVE = YES;
				CLANG_WARN_UNGUARDED_AVAILABILITY = YES_AGGRESSIVE;
				CLANG_WARN_UNREACHABLE_CODE = YES;
				CLANG_WARN__DUPLICATE_METHOD_MATCH = YES;
				COPY_PHASE_STRIP = NO;
				DEBUG_INFORMATION_FORMAT = dwarf;
				ENABLE_STRICT_OBJC_MSGSEND = YES;
				ENABLE_TESTABILITY = YES;
				GCC_C_LANGUAGE_STANDARD = gnu11;
				GCC_DYNAMIC_NO_PIC = NO;
				GCC_NO_COMMON_BLOCKS = YES;
				GCC_OPTIMIZATION_LEVEL = 0;
				GCC_PREPROCESSOR_DEFINITIONS = (
					"DEBUG=1",
					"$(inherited)",
				);
				GCC_WARN_64_TO_32_BIT_CONVERSION = YES;
				GCC_WARN_ABOUT_RETURN_TYPE = YES_ERROR;
				GCC_WARN_UNDECLARED_SELECTOR = YES;
				GCC_WARN_UNINITIALIZED_AUTOS = YES_AGGRESSIVE;
				GCC_WARN_UNUSED_FUNCTION = YES;
				GCC_WARN_UNUSED_VARIABLE = YES;
				IPHONEOS_DEPLOYMENT_TARGET = 15.5;
				MTL_ENABLE_DEBUG_INFO = INCLUDE_SOURCE;
				MTL_FAST_MATH = YES;
				ONLY_ACTIVE_ARCH = YES;
				SDKROOT = iphoneos;
				SWIFT_ACTIVE_COMPILATION_CONDITIONS = DEBUG;
				SWIFT_OPTIMIZATION_LEVEL = "-Onone";
			};
			name = Debug;
		};
		E52BB98629EEE67A0088E639 /* Release */ = {
			isa = XCBuildConfiguration;
			buildSettings = {
				ALWAYS_SEARCH_USER_PATHS = NO;
				CLANG_ANALYZER_NONNULL = YES;
				CLANG_ANALYZER_NUMBER_OBJECT_CONVERSION = YES_AGGRESSIVE;
				CLANG_CXX_LANGUAGE_STANDARD = "gnu++17";
				CLANG_ENABLE_MODULES = YES;
				CLANG_ENABLE_OBJC_ARC = YES;
				CLANG_ENABLE_OBJC_WEAK = YES;
				CLANG_WARN_BLOCK_CAPTURE_AUTORELEASING = YES;
				CLANG_WARN_BOOL_CONVERSION = YES;
				CLANG_WARN_COMMA = YES;
				CLANG_WARN_CONSTANT_CONVERSION = YES;
				CLANG_WARN_DEPRECATED_OBJC_IMPLEMENTATIONS = YES;
				CLANG_WARN_DIRECT_OBJC_ISA_USAGE = YES_ERROR;
				CLANG_WARN_DOCUMENTATION_COMMENTS = YES;
				CLANG_WARN_EMPTY_BODY = YES;
				CLANG_WARN_ENUM_CONVERSION = YES;
				CLANG_WARN_INFINITE_RECURSION = YES;
				CLANG_WARN_INT_CONVERSION = YES;
				CLANG_WARN_NON_LITERAL_NULL_CONVERSION = YES;
				CLANG_WARN_OBJC_IMPLICIT_RETAIN_SELF = YES;
				CLANG_WARN_OBJC_LITERAL_CONVERSION = YES;
				CLANG_WARN_OBJC_ROOT_CLASS = YES_ERROR;
				CLANG_WARN_QUOTED_INCLUDE_IN_FRAMEWORK_HEADER = YES;
				CLANG_WARN_RANGE_LOOP_ANALYSIS = YES;
				CLANG_WARN_STRICT_PROTOTYPES = YES;
				CLANG_WARN_SUSPICIOUS_MOVE = YES;
				CLANG_WARN_UNGUARDED_AVAILABILITY = YES_AGGRESSIVE;
				CLANG_WARN_UNREACHABLE_CODE = YES;
				CLANG_WARN__DUPLICATE_METHOD_MATCH = YES;
				COPY_PHASE_STRIP = NO;
				DEBUG_INFORMATION_FORMAT = "dwarf-with-dsym";
				ENABLE_NS_ASSERTIONS = NO;
				ENABLE_STRICT_OBJC_MSGSEND = YES;
				GCC_C_LANGUAGE_STANDARD = gnu11;
				GCC_NO_COMMON_BLOCKS = YES;
				GCC_WARN_64_TO_32_BIT_CONVERSION = YES;
				GCC_WARN_ABOUT_RETURN_TYPE = YES_ERROR;
				GCC_WARN_UNDECLARED_SELECTOR = YES;
				GCC_WARN_UNINITIALIZED_AUTOS = YES_AGGRESSIVE;
				GCC_WARN_UNUSED_FUNCTION = YES;
				GCC_WARN_UNUSED_VARIABLE = YES;
				IPHONEOS_DEPLOYMENT_TARGET = 15.5;
				MTL_ENABLE_DEBUG_INFO = NO;
				MTL_FAST_MATH = YES;
				SDKROOT = iphoneos;
				SWIFT_COMPILATION_MODE = wholemodule;
				SWIFT_OPTIMIZATION_LEVEL = "-O";
				VALIDATE_PRODUCT = YES;
			};
			name = Release;
		};
		E52BB98829EEE67A0088E639 /* Debug */ = {
			isa = XCBuildConfiguration;
			buildSettings = {
				ASSETCATALOG_COMPILER_APPICON_NAME = AppIcon;
				ASSETCATALOG_COMPILER_GLOBAL_ACCENT_COLOR_NAME = AccentColor;
				CODE_SIGN_STYLE = Automatic;
				CURRENT_PROJECT_VERSION = 1;
				DEVELOPMENT_TEAM = R2D4D7YLB2;
				GENERATE_INFOPLIST_FILE = YES;
				INFOPLIST_FILE = "Trinity App/Base/Info.plist";
				INFOPLIST_KEY_UIApplicationSupportsIndirectInputEvents = YES;
				INFOPLIST_KEY_UILaunchStoryboardName = LaunchScreen;
				INFOPLIST_KEY_UISupportedInterfaceOrientations_iPad = "UIInterfaceOrientationPortrait UIInterfaceOrientationPortraitUpsideDown UIInterfaceOrientationLandscapeLeft UIInterfaceOrientationLandscapeRight";
				INFOPLIST_KEY_UISupportedInterfaceOrientations_iPhone = "UIInterfaceOrientationPortrait UIInterfaceOrientationLandscapeLeft UIInterfaceOrientationLandscapeRight";
				LD_RUNPATH_SEARCH_PATHS = (
					"$(inherited)",
					"@executable_path/Frameworks",
				);
				MARKETING_VERSION = 1.0;
				PRODUCT_BUNDLE_IDENTIFIER = "com.dcd.Trinity-App";
				PRODUCT_NAME = "$(TARGET_NAME)";
				SWIFT_EMIT_LOC_STRINGS = YES;
				SWIFT_VERSION = 5.0;
				TARGETED_DEVICE_FAMILY = "1,2";
			};
			name = Debug;
		};
		E52BB98929EEE67A0088E639 /* Release */ = {
			isa = XCBuildConfiguration;
			buildSettings = {
				ASSETCATALOG_COMPILER_APPICON_NAME = AppIcon;
				ASSETCATALOG_COMPILER_GLOBAL_ACCENT_COLOR_NAME = AccentColor;
				CODE_SIGN_STYLE = Automatic;
				CURRENT_PROJECT_VERSION = 1;
				DEVELOPMENT_TEAM = R2D4D7YLB2;
				GENERATE_INFOPLIST_FILE = YES;
				INFOPLIST_FILE = "Trinity App/Base/Info.plist";
				INFOPLIST_KEY_UIApplicationSupportsIndirectInputEvents = YES;
				INFOPLIST_KEY_UILaunchStoryboardName = LaunchScreen;
				INFOPLIST_KEY_UISupportedInterfaceOrientations_iPad = "UIInterfaceOrientationPortrait UIInterfaceOrientationPortraitUpsideDown UIInterfaceOrientationLandscapeLeft UIInterfaceOrientationLandscapeRight";
				INFOPLIST_KEY_UISupportedInterfaceOrientations_iPhone = "UIInterfaceOrientationPortrait UIInterfaceOrientationLandscapeLeft UIInterfaceOrientationLandscapeRight";
				LD_RUNPATH_SEARCH_PATHS = (
					"$(inherited)",
					"@executable_path/Frameworks",
				);
				MARKETING_VERSION = 1.0;
				PRODUCT_BUNDLE_IDENTIFIER = "com.dcd.Trinity-App";
				PRODUCT_NAME = "$(TARGET_NAME)";
				SWIFT_EMIT_LOC_STRINGS = YES;
				SWIFT_VERSION = 5.0;
				TARGETED_DEVICE_FAMILY = "1,2";
			};
			name = Release;
		};
/* End XCBuildConfiguration section */

/* Begin XCConfigurationList section */
		E52BB96E29EEE6780088E639 /* Build configuration list for PBXProject "Trinity App" */ = {
			isa = XCConfigurationList;
			buildConfigurations = (
				E52BB98529EEE67A0088E639 /* Debug */,
				E52BB98629EEE67A0088E639 /* Release */,
			);
			defaultConfigurationIsVisible = 0;
			defaultConfigurationName = Release;
		};
		E52BB98729EEE67A0088E639 /* Build configuration list for PBXNativeTarget "Trinity App" */ = {
			isa = XCConfigurationList;
			buildConfigurations = (
				E52BB98829EEE67A0088E639 /* Debug */,
				E52BB98929EEE67A0088E639 /* Release */,
			);
			defaultConfigurationIsVisible = 0;
			defaultConfigurationName = Release;
		};
/* End XCConfigurationList section */

/* Begin XCRemoteSwiftPackageReference section */
		E52BB99329EEF77D0088E639 /* XCRemoteSwiftPackageReference "Alamofire" */ = {
			isa = XCRemoteSwiftPackageReference;
			repositoryURL = "https://github.com/Alamofire/Alamofire.git";
			requirement = {
				branch = master;
				kind = branch;
			};
		};
/* End XCRemoteSwiftPackageReference section */

/* Begin XCSwiftPackageProductDependency section */
		E52BB99429EEF77D0088E639 /* Alamofire */ = {
			isa = XCSwiftPackageProductDependency;
			package = E52BB99329EEF77D0088E639 /* XCRemoteSwiftPackageReference "Alamofire" */;
			productName = Alamofire;
		};
/* End XCSwiftPackageProductDependency section */
	};
	rootObject = E52BB96B29EEE6780088E639 /* Project object */;
}
